
Microsoft Visual Studio Solution File, Format Version 12.00
# Visual Studio 15
VisualStudioVersion = 15.0.27428.2037
MinimumVisualStudioVersion = 10.0.40219.1
Project("{FAE04EC0-301F-11D3-BF4B-00C04F79EFBC}") = "itext.barcodes", "itext\itext.barcodes\itext.barcodes.csproj", "{DCAE8241-E391-418D-BA36-C7C064D7C413}"
EndProject
Project("{FAE04EC0-301F-11D3-BF4B-00C04F79EFBC}") = "itext.font-asian", "itext\itext.font-asian\itext.font-asian.csproj", "{0F10190C-7611-4378-A157-03BF2ED78E30}"
EndProject
Project("{FAE04EC0-301F-11D3-BF4B-00C04F79EFBC}") = "itext.forms", "itext\itext.forms\itext.forms.csproj", "{E2828AC4-3C63-4B2A-B5AD-5F98862775BE}"
EndProject
Project("{FAE04EC0-301F-11D3-BF4B-00C04F79EFBC}") = "itext.hyph", "itext\itext.hyph\itext.hyph.csproj", "{56137079-541A-425A-AB97-43AF63793C97}"
EndProject
Project("{FAE04EC0-301F-11D3-BF4B-00C04F79EFBC}") = "itext.io", "itext\itext.io\itext.io.csproj", "{CEE5E7E1-1BF0-4BE1-9941-903262CE2F83}"
EndProject
Project("{FAE04EC0-301F-11D3-BF4B-00C04F79EFBC}") = "itext.kernel", "itext\itext.kernel\itext.kernel.csproj", "{4E7819E8-7555-4E2E-9A01-D8718A2CFDDA}"
EndProject
Project("{FAE04EC0-301F-11D3-BF4B-00C04F79EFBC}") = "itext.layout", "itext\itext.layout\itext.layout.csproj", "{42173642-DB52-44D3-9883-3E34C65C53BC}"
EndProject
Project("{FAE04EC0-301F-11D3-BF4B-00C04F79EFBC}") = "itext.pdfa", "itext\itext.pdfa\itext.pdfa.csproj", "{9FC2F0B3-A8D2-46DA-8724-72E00E67A8FA}"
EndProject
Project("{FAE04EC0-301F-11D3-BF4B-00C04F79EFBC}") = "itext.sign", "itext\itext.sign\itext.sign.csproj", "{14A163C0-0054-480D-A096-EDA51DD933EA}"
EndProject
Project("{FAE04EC0-301F-11D3-BF4B-00C04F79EFBC}") = "itext.styledxmlparser", "itext\itext.styledxmlparser\itext.styledxmlparser.csproj", "{8636F290-00DF-403E-B841-E4BFD6D9CE7A}"
EndProject
Project("{FAE04EC0-301F-11D3-BF4B-00C04F79EFBC}") = "itext.svg", "itext\itext.svg\itext.svg.csproj", "{DDEC35D2-5781-471D-5EA1-A6E433EDDB11}"
EndProject
Project("{FAE04EC0-301F-11D3-BF4B-00C04F79EFBC}") = "itext.html2pdf", "itext\itext.html2pdf\itext.html2pdf.csproj", "{FF6BA09D-3655-466A-8C17-A7BFD3479CA1}"
EndProject
Global
	GlobalSection(SolutionConfigurationPlatforms) = preSolution
		Debug|Any CPU = Debug|Any CPU
		Release|Any CPU = Release|Any CPU
	EndGlobalSection
	GlobalSection(ProjectConfigurationPlatforms) = postSolution
		{DCAE8241-E391-418D-BA36-C7C064D7C413}.Debug|Any CPU.ActiveCfg = Debug|Any CPU
		{DCAE8241-E391-418D-BA36-C7C064D7C413}.Debug|Any CPU.Build.0 = Debug|Any CPU
		{DCAE8241-E391-418D-BA36-C7C064D7C413}.Release|Any CPU.ActiveCfg = Release|Any CPU
		{DCAE8241-E391-418D-BA36-C7C064D7C413}.Release|Any CPU.Build.0 = Release|Any CPU
		{0F10190C-7611-4378-A157-03BF2ED78E30}.Debug|Any CPU.ActiveCfg = Debug|Any CPU
		{0F10190C-7611-4378-A157-03BF2ED78E30}.Debug|Any CPU.Build.0 = Debug|Any CPU
		{0F10190C-7611-4378-A157-03BF2ED78E30}.Release|Any CPU.ActiveCfg = Release|Any CPU
		{0F10190C-7611-4378-A157-03BF2ED78E30}.Release|Any CPU.Build.0 = Release|Any CPU
		{E2828AC4-3C63-4B2A-B5AD-5F98862775BE}.Debug|Any CPU.ActiveCfg = Debug|Any CPU
		{E2828AC4-3C63-4B2A-B5AD-5F98862775BE}.Debug|Any CPU.Build.0 = Debug|Any CPU
		{E2828AC4-3C63-4B2A-B5AD-5F98862775BE}.Release|Any CPU.ActiveCfg = Release|Any CPU
		{E2828AC4-3C63-4B2A-B5AD-5F98862775BE}.Release|Any CPU.Build.0 = Release|Any CPU
		{56137079-541A-425A-AB97-43AF63793C97}.Debug|Any CPU.ActiveCfg = Debug|Any CPU
		{56137079-541A-425A-AB97-43AF63793C97}.Debug|Any CPU.Build.0 = Debug|Any CPU
		{56137079-541A-425A-AB97-43AF63793C97}.Release|Any CPU.ActiveCfg = Release|Any CPU
		{56137079-541A-425A-AB97-43AF63793C97}.Release|Any CPU.Build.0 = Release|Any CPU
		{CEE5E7E1-1BF0-4BE1-9941-903262CE2F83}.Debug|Any CPU.ActiveCfg = Debug|Any CPU
		{CEE5E7E1-1BF0-4BE1-9941-903262CE2F83}.Debug|Any CPU.Build.0 = Debug|Any CPU
		{CEE5E7E1-1BF0-4BE1-9941-903262CE2F83}.Release|Any CPU.ActiveCfg = Release|Any CPU
		{CEE5E7E1-1BF0-4BE1-9941-903262CE2F83}.Release|Any CPU.Build.0 = Release|Any CPU
		{4E7819E8-7555-4E2E-9A01-D8718A2CFDDA}.Debug|Any CPU.ActiveCfg = Debug|Any CPU
		{4E7819E8-7555-4E2E-9A01-D8718A2CFDDA}.Debug|Any CPU.Build.0 = Debug|Any CPU
		{4E7819E8-7555-4E2E-9A01-D8718A2CFDDA}.Release|Any CPU.ActiveCfg = Release|Any CPU
		{4E7819E8-7555-4E2E-9A01-D8718A2CFDDA}.Release|Any CPU.Build.0 = Release|Any CPU
		{42173642-DB52-44D3-9883-3E34C65C53BC}.Debug|Any CPU.ActiveCfg = Debug|Any CPU
		{42173642-DB52-44D3-9883-3E34C65C53BC}.Debug|Any CPU.Build.0 = Debug|Any CPU
		{42173642-DB52-44D3-9883-3E34C65C53BC}.Release|Any CPU.ActiveCfg = Release|Any CPU
		{42173642-DB52-44D3-9883-3E34C65C53BC}.Release|Any CPU.Build.0 = Release|Any CPU
		{9FC2F0B3-A8D2-46DA-8724-72E00E67A8FA}.Debug|Any CPU.ActiveCfg = Debug|Any CPU
		{9FC2F0B3-A8D2-46DA-8724-72E00E67A8FA}.Debug|Any CPU.Build.0 = Debug|Any CPU
		{9FC2F0B3-A8D2-46DA-8724-72E00E67A8FA}.Release|Any CPU.ActiveCfg = Release|Any CPU
		{9FC2F0B3-A8D2-46DA-8724-72E00E67A8FA}.Release|Any CPU.Build.0 = Release|Any CPU
		{14A163C0-0054-480D-A096-EDA51DD933EA}.Debug|Any CPU.ActiveCfg = Debug|Any CPU
		{14A163C0-0054-480D-A096-EDA51DD933EA}.Debug|Any CPU.Build.0 = Debug|Any CPU
		{14A163C0-0054-480D-A096-EDA51DD933EA}.Release|Any CPU.ActiveCfg = Release|Any CPU
		{14A163C0-0054-480D-A096-EDA51DD933EA}.Release|Any CPU.Build.0 = Release|Any CPU
		{8636F290-00DF-403E-B841-E4BFD6D9CE7A}.Debug|Any CPU.ActiveCfg = Debug|Any CPU
		{8636F290-00DF-403E-B841-E4BFD6D9CE7A}.Debug|Any CPU.Build.0 = Debug|Any CPU
		{8636F290-00DF-403E-B841-E4BFD6D9CE7A}.Release|Any CPU.ActiveCfg = Release|Any CPU
		{8636F290-00DF-403E-B841-E4BFD6D9CE7A}.Release|Any CPU.Build.0 = Release|Any CPU
		{DDEC35D2-5781-471D-5EA1-A6E433EDDB11}.Debug|Any CPU.ActiveCfg = Debug|Any CPU
		{DDEC35D2-5781-471D-5EA1-A6E433EDDB11}.Debug|Any CPU.Build.0 = Debug|Any CPU
		{DDEC35D2-5781-471D-5EA1-A6E433EDDB11}.Release|Any CPU.ActiveCfg = Release|Any CPU
		{DDEC35D2-5781-471D-5EA1-A6E433EDDB11}.Release|Any CPU.Build.0 = Release|Any CPU
		{FF6BA09D-3655-466A-8C17-A7BFD3479CA1}.Debug|Any CPU.ActiveCfg = Debug|Any CPU
		{FF6BA09D-3655-466A-8C17-A7BFD3479CA1}.Debug|Any CPU.Build.0 = Debug|Any CPU
		{FF6BA09D-3655-466A-8C17-A7BFD3479CA1}.Release|Any CPU.ActiveCfg = Release|Any CPU
		{FF6BA09D-3655-466A-8C17-A7BFD3479CA1}.Release|Any CPU.Build.0 = Release|Any CPU
	EndGlobalSection
	GlobalSection(SolutionProperties) = preSolution
		HideSolutionNode = FALSE
	EndGlobalSection
	GlobalSection(ExtensibilityGlobals) = postSolution
		SolutionGuid = {EFD49654-9685-46E9-9863-96B5554A58DC}
	EndGlobalSection
EndGlobal
